
Microsoft Visual Studio Solution File, Format Version 12.00
# Visual Studio Version 16
VisualStudioVersion = 16.0.30804.86
MinimumVisualStudioVersion = 10.0.40219.1
Project("{FAE04EC0-301F-11D3-BF4B-00C04F79EFBC}") = "Supervisorio", "Supervisorio.csproj", "{6779B912-B054-49FC-AB26-34AD96062F7F}"
EndProject
Global
	GlobalSection(SolutionConfigurationPlatforms) = preSolution
		Debug|Any CPU = Debug|Any CPU
		Release|Any CPU = Release|Any CPU
	EndGlobalSection
	GlobalSection(ProjectConfigurationPlatforms) = postSolution
		{6779B912-B054-49FC-AB26-34AD96062F7F}.Debug|Any CPU.ActiveCfg = Debug|Any CPU
		{6779B912-B054-49FC-AB26-34AD96062F7F}.Debug|Any CPU.Build.0 = Debug|Any CPU
		{6779B912-B054-49FC-AB26-34AD96062F7F}.Release|Any CPU.ActiveCfg = Release|Any CPU
		{6779B912-B054-49FC-AB26-34AD96062F7F}.Release|Any CPU.Build.0 = Release|Any CPU
	EndGlobalSection
	GlobalSection(SolutionProperties) = preSolution
		HideSolutionNode = FALSE
	EndGlobalSection
	GlobalSection(ExtensibilityGlobals) = postSolution
		SolutionGuid = {F9AB9897-6FF8-4505-BC88-070FBAE69CC1}
	EndGlobalSection
EndGlobal
